
Microsoft Visual Studio Solution File, Format Version 12.00
# Visual Studio Version 17
VisualStudioVersion = 17.14.36705.20
MinimumVisualStudioVersion = 10.0.40219.1
Project("{FAE04EC0-301F-11D3-BF4B-00C04F79EFBC}") = "vroom", "vroom.csproj", "{13E3F435-5DEE-42EF-820A-F15EC478F21E}"
EndProject
Global
	GlobalSection(SolutionConfigurationPlatforms) = preSolution
		Debug|Any CPU = Debug|Any CPU
		Release|Any CPU = Release|Any CPU
	EndGlobalSection
	GlobalSection(ProjectConfigurationPlatforms) = postSolution
		{13E3F435-5DEE-42EF-820A-F15EC478F21E}.Debug|Any CPU.ActiveCfg = Debug|Any CPU
		{13E3F435-5DEE-42EF-820A-F15EC478F21E}.Debug|Any CPU.Build.0 = Debug|Any CPU
		{13E3F435-5DEE-42EF-820A-F15EC478F21E}.Release|Any CPU.ActiveCfg = Release|Any CPU
		{13E3F435-5DEE-42EF-820A-F15EC478F21E}.Release|Any CPU.Build.0 = Release|Any CPU
	EndGlobalSection
	GlobalSection(SolutionProperties) = preSolution
		HideSolutionNode = FALSE
	EndGlobalSection
	GlobalSection(ExtensibilityGlobals) = postSolution
		SolutionGuid = {08A44160-41BB-4415-8CAB-285BEB082A55}
	EndGlobalSection
EndGlobal
